
Microsoft Visual Studio Solution File, Format Version 12.00
# Visual Studio Version 17
VisualStudioVersion = 17.14.36511.14 d17.14
MinimumVisualStudioVersion = 10.0.40219.1
Project("{FAE04EC0-301F-11D3-BF4B-00C04F79EFBC}") = "premiumMembership", "premiumMembership\premiumMembership.csproj", "{247096F9-BE43-42C7-AC0C-E430B5F18638}"
EndProject
Global
	GlobalSection(SolutionConfigurationPlatforms) = preSolution
		Debug|Any CPU = Debug|Any CPU
		Release|Any CPU = Release|Any CPU
	EndGlobalSection
	GlobalSection(ProjectConfigurationPlatforms) = postSolution
		{247096F9-BE43-42C7-AC0C-E430B5F18638}.Debug|Any CPU.ActiveCfg = Debug|Any CPU
		{247096F9-BE43-42C7-AC0C-E430B5F18638}.Debug|Any CPU.Build.0 = Debug|Any CPU
		{247096F9-BE43-42C7-AC0C-E430B5F18638}.Release|Any CPU.ActiveCfg = Release|Any CPU
		{247096F9-BE43-42C7-AC0C-E430B5F18638}.Release|Any CPU.Build.0 = Release|Any CPU
	EndGlobalSection
	GlobalSection(SolutionProperties) = preSolution
		HideSolutionNode = FALSE
	EndGlobalSection
	GlobalSection(ExtensibilityGlobals) = postSolution
		SolutionGuid = {87056012-2E81-436F-A006-5DC1BE358B70}
	EndGlobalSection
EndGlobal
