
Microsoft Visual Studio Solution File, Format Version 12.00
# Visual Studio Version 17
VisualStudioVersion = 17.14.36511.14 d17.14
MinimumVisualStudioVersion = 10.0.40219.1
Project("{FAE04EC0-301F-11D3-BF4B-00C04F79EFBC}") = "mauidolgozat", "mauidolgozat\mauidolgozat.csproj", "{6EF726BC-1179-4A97-B160-387E7B1FCAFB}"
EndProject
Global
	GlobalSection(SolutionConfigurationPlatforms) = preSolution
		Debug|Any CPU = Debug|Any CPU
		Release|Any CPU = Release|Any CPU
	EndGlobalSection
	GlobalSection(ProjectConfigurationPlatforms) = postSolution
		{6EF726BC-1179-4A97-B160-387E7B1FCAFB}.Debug|Any CPU.ActiveCfg = Debug|Any CPU
		{6EF726BC-1179-4A97-B160-387E7B1FCAFB}.Debug|Any CPU.Build.0 = Debug|Any CPU
		{6EF726BC-1179-4A97-B160-387E7B1FCAFB}.Release|Any CPU.ActiveCfg = Release|Any CPU
		{6EF726BC-1179-4A97-B160-387E7B1FCAFB}.Release|Any CPU.Build.0 = Release|Any CPU
	EndGlobalSection
	GlobalSection(SolutionProperties) = preSolution
		HideSolutionNode = FALSE
	EndGlobalSection
	GlobalSection(ExtensibilityGlobals) = postSolution
		SolutionGuid = {78E8F7F1-5734-4C0D-B64E-EA78556FDA6D}
	EndGlobalSection
EndGlobal
